
Microsoft Visual Studio Solution File, Format Version 12.00
# Visual Studio 15
VisualStudioVersion = 15.0.28307.421
MinimumVisualStudioVersion = 10.0.40219.1
Project("{FAE04EC0-301F-11D3-BF4B-00C04F79EFBC}") = "swapAB", "swapAB\swapAB.csproj", "{97706E1C-BEC8-4DDA-BBAE-C0B70C1BB923}"
EndProject
Global
	GlobalSection(SolutionConfigurationPlatforms) = preSolution
		Debug|Any CPU = Debug|Any CPU
		Release|Any CPU = Release|Any CPU
	EndGlobalSection
	GlobalSection(ProjectConfigurationPlatforms) = postSolution
		{97706E1C-BEC8-4DDA-BBAE-C0B70C1BB923}.Debug|Any CPU.ActiveCfg = Debug|Any CPU
		{97706E1C-BEC8-4DDA-BBAE-C0B70C1BB923}.Debug|Any CPU.Build.0 = Debug|Any CPU
		{97706E1C-BEC8-4DDA-BBAE-C0B70C1BB923}.Release|Any CPU.ActiveCfg = Release|Any CPU
		{97706E1C-BEC8-4DDA-BBAE-C0B70C1BB923}.Release|Any CPU.Build.0 = Release|Any CPU
	EndGlobalSection
	GlobalSection(SolutionProperties) = preSolution
		HideSolutionNode = FALSE
	EndGlobalSection
	GlobalSection(ExtensibilityGlobals) = postSolution
		SolutionGuid = {F6B93BF3-3D72-4866-A667-2A9825CC9F1D}
	EndGlobalSection
EndGlobal
