
Microsoft Visual Studio Solution File, Format Version 12.00
# Visual Studio 15
VisualStudioVersion = 15.0.28307.421
MinimumVisualStudioVersion = 10.0.40219.1
Project("{FAE04EC0-301F-11D3-BF4B-00C04F79EFBC}") = "ConsoleApp1", "ConsoleApp1\ConsoleApp1.csproj", "{DCCAE8FD-3F16-4671-8F72-50DBF7166CA3}"
EndProject
Global
	GlobalSection(SolutionConfigurationPlatforms) = preSolution
		Debug|Any CPU = Debug|Any CPU
		Release|Any CPU = Release|Any CPU
	EndGlobalSection
	GlobalSection(ProjectConfigurationPlatforms) = postSolution
		{DCCAE8FD-3F16-4671-8F72-50DBF7166CA3}.Debug|Any CPU.ActiveCfg = Debug|Any CPU
		{DCCAE8FD-3F16-4671-8F72-50DBF7166CA3}.Debug|Any CPU.Build.0 = Debug|Any CPU
		{DCCAE8FD-3F16-4671-8F72-50DBF7166CA3}.Release|Any CPU.ActiveCfg = Release|Any CPU
		{DCCAE8FD-3F16-4671-8F72-50DBF7166CA3}.Release|Any CPU.Build.0 = Release|Any CPU
	EndGlobalSection
	GlobalSection(SolutionProperties) = preSolution
		HideSolutionNode = FALSE
	EndGlobalSection
	GlobalSection(ExtensibilityGlobals) = postSolution
		SolutionGuid = {59483748-960A-4719-8A3F-0334056E5D5E}
	EndGlobalSection
EndGlobal
