
Microsoft Visual Studio Solution File, Format Version 12.00
# Visual Studio 15
VisualStudioVersion = 15.0.28307.421
MinimumVisualStudioVersion = 10.0.40219.1
Project("{FAE04EC0-301F-11D3-BF4B-00C04F79EFBC}") = "programingexercisepractice", "programingexercisepractice\programingexercisepractice.csproj", "{1C5E5E4E-A55D-412C-99B6-6A66A949DE1E}"
EndProject
Global
	GlobalSection(SolutionConfigurationPlatforms) = preSolution
		Debug|Any CPU = Debug|Any CPU
		Release|Any CPU = Release|Any CPU
	EndGlobalSection
	GlobalSection(ProjectConfigurationPlatforms) = postSolution
		{1C5E5E4E-A55D-412C-99B6-6A66A949DE1E}.Debug|Any CPU.ActiveCfg = Debug|Any CPU
		{1C5E5E4E-A55D-412C-99B6-6A66A949DE1E}.Debug|Any CPU.Build.0 = Debug|Any CPU
		{1C5E5E4E-A55D-412C-99B6-6A66A949DE1E}.Release|Any CPU.ActiveCfg = Release|Any CPU
		{1C5E5E4E-A55D-412C-99B6-6A66A949DE1E}.Release|Any CPU.Build.0 = Release|Any CPU
	EndGlobalSection
	GlobalSection(SolutionProperties) = preSolution
		HideSolutionNode = FALSE
	EndGlobalSection
	GlobalSection(ExtensibilityGlobals) = postSolution
		SolutionGuid = {F303E413-43F9-4910-85C8-4542C910C50A}
	EndGlobalSection
EndGlobal
